
Microsoft Visual Studio Solution File, Format Version 12.00
# Visual Studio Version 17
VisualStudioVersion = 17.9.34728.123
MinimumVisualStudioVersion = 10.0.40219.1
Project("{FAE04EC0-301F-11D3-BF4B-00C04F79EFBC}") = "Desafio_Plataforma_Ensino", "Desafio_Plataforma_Ensino\Desafio_Plataforma_Ensino.csproj", "{1A65EAB2-A93F-4E30-A6C0-C80908AEFCB5}"
EndProject
Global
	GlobalSection(SolutionConfigurationPlatforms) = preSolution
		Debug|Any CPU = Debug|Any CPU
		Release|Any CPU = Release|Any CPU
	EndGlobalSection
	GlobalSection(ProjectConfigurationPlatforms) = postSolution
		{1A65EAB2-A93F-4E30-A6C0-C80908AEFCB5}.Debug|Any CPU.ActiveCfg = Debug|Any CPU
		{1A65EAB2-A93F-4E30-A6C0-C80908AEFCB5}.Debug|Any CPU.Build.0 = Debug|Any CPU
		{1A65EAB2-A93F-4E30-A6C0-C80908AEFCB5}.Release|Any CPU.ActiveCfg = Release|Any CPU
		{1A65EAB2-A93F-4E30-A6C0-C80908AEFCB5}.Release|Any CPU.Build.0 = Release|Any CPU
	EndGlobalSection
	GlobalSection(SolutionProperties) = preSolution
		HideSolutionNode = FALSE
	EndGlobalSection
	GlobalSection(ExtensibilityGlobals) = postSolution
		SolutionGuid = {83A52FC9-E3F8-47A0-8733-C1A293C3903C}
	EndGlobalSection
EndGlobal
